// !$*UTF8*$!
{
	archiveVersion = 1;
	classes = {
	};
	objectVersion = 46;
	objects = {

/* Begin PBXBuildFile section */
		333B5A521D2CA8DA006DC108 /* main.m in Sources */ = {isa = PBXBuildFile; fileRef = 333B5A511D2CA8DA006DC108 /* main.m */; };
		333B5A551D2CA8DA006DC108 /* AppDelegate.m in Sources */ = {isa = PBXBuildFile; fileRef = 333B5A541D2CA8DA006DC108 /* AppDelegate.m */; };
		333B5A581D2CA8DA006DC108 /* ViewController.m in Sources */ = {isa = PBXBuildFile; fileRef = 333B5A571D2CA8DA006DC108 /* ViewController.m */; };
		333B5A5B1D2CA8DA006DC108 /* Main.storyboard in Resources */ = {isa = PBXBuildFile; fileRef = 333B5A591D2CA8DA006DC108 /* Main.storyboard */; };
		333B5A5D1D2CA8DA006DC108 /* Assets.xcassets in Resources */ = {isa = PBXBuildFile; fileRef = 333B5A5C1D2CA8DA006DC108 /* Assets.xcassets */; };
		333B5A601D2CA8DA006DC108 /* LaunchScreen.storyboard in Resources */ = {isa = PBXBuildFile; fileRef = 333B5A5E1D2CA8DA006DC108 /* LaunchScreen.storyboard */; };
		333B5A6B1D2CA8DA006DC108 /* PullTableTestTests.m in Sources */ = {isa = PBXBuildFile; fileRef = 333B5A6A1D2CA8DA006DC108 /* PullTableTestTests.m */; };
		333B5A761D2CA8DA006DC108 /* PullTableTestUITests.m in Sources */ = {isa = PBXBuildFile; fileRef = 333B5A751D2CA8DA006DC108 /* PullTableTestUITests.m */; };
		333B5A851D2CB93F006DC108 /* UIScrollView+PullRefresh.m in Sources */ = {isa = PBXBuildFile; fileRef = 333B5A841D2CB93F006DC108 /* UIScrollView+PullRefresh.m */; };
		333B5A881D2CB958006DC108 /* CircleView.m in Sources */ = {isa = PBXBuildFile; fileRef = 333B5A871D2CB958006DC108 /* CircleView.m */; };
		333B5A8B1D2CD6E1006DC108 /* UIView+PullToRefreshView.m in Sources */ = {isa = PBXBuildFile; fileRef = 333B5A8A1D2CD6E1006DC108 /* UIView+PullToRefreshView.m */; };
		333B5A8F1D2E02CD006DC108 /* tu.jpg in Resources */ = {isa = PBXBuildFile; fileRef = 333B5A8E1D2E02CD006DC108 /* tu.jpg */; };
/* End PBXBuildFile section */

/* Begin PBXContainerItemProxy section */
		333B5A671D2CA8DA006DC108 /* PBXContainerItemProxy */ = {
			isa = PBXContainerItemProxy;
			containerPortal = 333B5A451D2CA8DA006DC108 /* Project object */;
			proxyType = 1;
			remoteGlobalIDString = 333B5A4C1D2CA8DA006DC108;
			remoteInfo = PullTableTest;
		};
		333B5A721D2CA8DA006DC108 /* PBXContainerItemProxy */ = {
			isa = PBXContainerItemProxy;
			containerPortal = 333B5A451D2CA8DA006DC108 /* Project object */;
			proxyType = 1;
			remoteGlobalIDString = 333B5A4C1D2CA8DA006DC108;
			remoteInfo = PullTableTest;
		};
/* End PBXContainerItemProxy section */

/* Begin PBXFileReference section */
		333B5A4D1D2CA8DA006DC108 /* PullTableTest.app */ = {isa = PBXFileReference; explicitFileType = wrapper.application; includeInIndex = 0; path = PullTableTest.app; sourceTree = BUILT_PRODUCTS_DIR; };
		333B5A511D2CA8DA006DC108 /* main.m */ = {isa = PBXFileReference; lastKnownFileType = sourcecode.c.objc; path = main.m; sourceTree = "<group>"; };
		333B5A531D2CA8DA006DC108 /* AppDelegate.h */ = {isa = PBXFileReference; lastKnownFileType = sourcecode.c.h; path = AppDelegate.h; sourceTree = "<group>"; };
		333B5A541D2CA8DA006DC108 /* AppDelegate.m */ = {isa = PBXFileReference; lastKnownFileType = sourcecode.c.objc; path = AppDelegate.m; sourceTree = "<group>"; };
		333B5A561D2CA8DA006DC108 /* ViewController.h */ = {isa = PBXFileReference; lastKnownFileType = sourcecode.c.h; path = ViewController.h; sourceTree = "<group>"; };
		333B5A571D2CA8DA006DC108 /* ViewController.m */ = {isa = PBXFileReference; lastKnownFileType = sourcecode.c.objc; path = ViewController.m; sourceTree = "<group>"; };
		333B5A5A1D2CA8DA006DC108 /* Base */ = {isa = PBXFileReference; lastKnownFileType = file.storyboard; name = Base; path = Base.lproj/Main.storyboard; sourceTree = "<group>"; };
		333B5A5C1D2CA8DA006DC108 /* Assets.xcassets */ = {isa = PBXFileReference; lastKnownFileType = folder.assetcatalog; path = Assets.xcassets; sourceTree = "<group>"; };
		333B5A5F1D2CA8DA006DC108 /* Base */ = {isa = PBXFileReference; lastKnownFileType = file.storyboard; name = Base; path = Base.lproj/LaunchScreen.storyboard; sourceTree = "<group>"; };
		333B5A611D2CA8DA006DC108 /* Info.plist */ = {isa = PBXFileReference; lastKnownFileType = text.plist.xml; path = Info.plist; sourceTree = "<group>"; };
		333B5A661D2CA8DA006DC108 /* PullTableTestTests.xctest */ = {isa = PBXFileReference; explicitFileType = wrapper.cfbundle; includeInIndex = 0; path = PullTableTestTests.xctest; sourceTree = BUILT_PRODUCTS_DIR; };
		333B5A6A1D2CA8DA006DC108 /* PullTableTestTests.m */ = {isa = PBXFileReference; lastKnownFileType = sourcecode.c.objc; path = PullTableTestTests.m; sourceTree = "<group>"; };
		333B5A6C1D2CA8DA006DC108 /* Info.plist */ = {isa = PBXFileReference; lastKnownFileType = text.plist.xml; path = Info.plist; sourceTree = "<group>"; };
		333B5A711D2CA8DA006DC108 /* PullTableTestUITests.xctest */ = {isa = PBXFileReference; explicitFileType = wrapper.cfbundle; includeInIndex = 0; path = PullTableTestUITests.xctest; sourceTree = BUILT_PRODUCTS_DIR; };
		333B5A751D2CA8DA006DC108 /* PullTableTestUITests.m */ = {isa = PBXFileReference; lastKnownFileType = sourcecode.c.objc; path = PullTableTestUITests.m; sourceTree = "<group>"; };
		333B5A771D2CA8DA006DC108 /* Info.plist */ = {isa = PBXFileReference; lastKnownFileType = text.plist.xml; path = Info.plist; sourceTree = "<group>"; };
		333B5A831D2CB93F006DC108 /* UIScrollView+PullRefresh.h */ = {isa = PBXFileReference; fileEncoding = 4; lastKnownFileType = sourcecode.c.h; path = "UIScrollView+PullRefresh.h"; sourceTree = "<group>"; };
		333B5A841D2CB93F006DC108 /* UIScrollView+PullRefresh.m */ = {isa = PBXFileReference; fileEncoding = 4; lastKnownFileType = sourcecode.c.objc; path = "UIScrollView+PullRefresh.m"; sourceTree = "<group>"; };
		333B5A861D2CB958006DC108 /* CircleView.h */ = {isa = PBXFileReference; fileEncoding = 4; lastKnownFileType = sourcecode.c.h; path = CircleView.h; sourceTree = "<group>"; };
		333B5A871D2CB958006DC108 /* CircleView.m */ = {isa = PBXFileReference; fileEncoding = 4; lastKnownFileType = sourcecode.c.objc; path = CircleView.m; sourceTree = "<group>"; };
		333B5A891D2CD6E1006DC108 /* UIView+PullToRefreshView.h */ = {isa = PBXFileReference; fileEncoding = 4; lastKnownFileType = sourcecode.c.h; path = "UIView+PullToRefreshView.h"; sourceTree = "<group>"; };
		333B5A8A1D2CD6E1006DC108 /* UIView+PullToRefreshView.m */ = {isa = PBXFileReference; fileEncoding = 4; lastKnownFileType = sourcecode.c.objc; path = "UIView+PullToRefreshView.m"; sourceTree = "<group>"; };
		333B5A8E1D2E02CD006DC108 /* tu.jpg */ = {isa = PBXFileReference; lastKnownFileType = image.jpeg; path = tu.jpg; sourceTree = "<group>"; };
/* End PBXFileReference section */

/* Begin PBXFrameworksBuildPhase section */
		333B5A4A1D2CA8DA006DC108 /* Frameworks */ = {
			isa = PBXFrameworksBuildPhase;
			buildActionMask = 2147483647;
			files = (
			);
			runOnlyForDeploymentPostprocessing = 0;
		};
		333B5A631D2CA8DA006DC108 /* Frameworks */ = {
			isa = PBXFrameworksBuildPhase;
			buildActionMask = 2147483647;
			files = (
			);
			runOnlyForDeploymentPostprocessing = 0;
		};
		333B5A6E1D2CA8DA006DC108 /* Frameworks */ = {
			isa = PBXFrameworksBuildPhase;
			buildActionMask = 2147483647;
			files = (
			);
			runOnlyForDeploymentPostprocessing = 0;
		};
/* End PBXFrameworksBuildPhase section */

/* Begin PBXGroup section */
		333B5A441D2CA8DA006DC108 = {
			isa = PBXGroup;
			children = (
				333B5A4F1D2CA8DA006DC108 /* PullTableTest */,
				333B5A691D2CA8DA006DC108 /* PullTableTestTests */,
				333B5A741D2CA8DA006DC108 /* PullTableTestUITests */,
				333B5A4E1D2CA8DA006DC108 /* Products */,
			);
			sourceTree = "<group>";
		};
		333B5A4E1D2CA8DA006DC108 /* Products */ = {
			isa = PBXGroup;
			children = (
				333B5A4D1D2CA8DA006DC108 /* PullTableTest.app */,
				333B5A661D2CA8DA006DC108 /* PullTableTestTests.xctest */,
				333B5A711D2CA8DA006DC108 /* PullTableTestUITests.xctest */,
			);
			name = Products;
			sourceTree = "<group>";
		};
		333B5A4F1D2CA8DA006DC108 /* PullTableTest */ = {
			isa = PBXGroup;
			children = (
				333B5A8E1D2E02CD006DC108 /* tu.jpg */,
				333B5A861D2CB958006DC108 /* CircleView.h */,
				333B5A871D2CB958006DC108 /* CircleView.m */,
				333B5A891D2CD6E1006DC108 /* UIView+PullToRefreshView.h */,
				333B5A8A1D2CD6E1006DC108 /* UIView+PullToRefreshView.m */,
				333B5A831D2CB93F006DC108 /* UIScrollView+PullRefresh.h */,
				333B5A841D2CB93F006DC108 /* UIScrollView+PullRefresh.m */,
				333B5A531D2CA8DA006DC108 /* AppDelegate.h */,
				333B5A541D2CA8DA006DC108 /* AppDelegate.m */,
				333B5A561D2CA8DA006DC108 /* ViewController.h */,
				333B5A571D2CA8DA006DC108 /* ViewController.m */,
				333B5A591D2CA8DA006DC108 /* Main.storyboard */,
				333B5A5C1D2CA8DA006DC108 /* Assets.xcassets */,
				333B5A5E1D2CA8DA006DC108 /* LaunchScreen.storyboard */,
				333B5A611D2CA8DA006DC108 /* Info.plist */,
				333B5A501D2CA8DA006DC108 /* Supporting Files */,
			);
			path = PullTableTest;
			sourceTree = "<group>";
		};
		333B5A501D2CA8DA006DC108 /* Supporting Files */ = {
			isa = PBXGroup;
			children = (
				333B5A511D2CA8DA006DC108 /* main.m */,
			);
			name = "Supporting Files";
			sourceTree = "<group>";
		};
		333B5A691D2CA8DA006DC108 /* PullTableTestTests */ = {
			isa = PBXGroup;
			children = (
				333B5A6A1D2CA8DA006DC108 /* PullTableTestTests.m */,
				333B5A6C1D2CA8DA006DC108 /* Info.plist */,
			);
			path = PullTableTestTests;
			sourceTree = "<group>";
		};
		333B5A741D2CA8DA006DC108 /* PullTableTestUITests */ = {
			isa = PBXGroup;
			children = (
				333B5A751D2CA8DA006DC108 /* PullTableTestUITests.m */,
				333B5A771D2CA8DA006DC108 /* Info.plist */,
			);
			path = PullTableTestUITests;
			sourceTree = "<group>";
		};
/* End PBXGroup section */

/* Begin PBXNativeTarget section */
		333B5A4C1D2CA8DA006DC108 /* PullTableTest */ = {
			isa = PBXNativeTarget;
			buildConfigurationList = 333B5A7A1D2CA8DA006DC108 /* Build configuration list for PBXNativeTarget "PullTableTest" */;
			buildPhases = (
				333B5A491D2CA8DA006DC108 /* Sources */,
				333B5A4A1D2CA8DA006DC108 /* Frameworks */,
				333B5A4B1D2CA8DA006DC108 /* Resources */,
			);
			buildRules = (
			);
			dependencies = (
			);
			name = PullTableTest;
			productName = PullTableTest;
			productReference = 333B5A4D1D2CA8DA006DC108 /* PullTableTest.app */;
			productType = "com.apple.product-type.application";
		};
		333B5A651D2CA8DA006DC108 /* PullTableTestTests */ = {
			isa = PBXNativeTarget;
			buildConfigurationList = 333B5A7D1D2CA8DA006DC108 /* Build configuration list for PBXNativeTarget "PullTableTestTests" */;
			buildPhases = (
				333B5A621D2CA8DA006DC108 /* Sources */,
				333B5A631D2CA8DA006DC108 /* Frameworks */,
				333B5A641D2CA8DA006DC108 /* Resources */,
			);
			buildRules = (
			);
			dependencies = (
				333B5A681D2CA8DA006DC108 /* PBXTargetDependency */,
			);
			name = PullTableTestTests;
			productName = PullTableTestTests;
			productReference = 333B5A661D2CA8DA006DC108 /* PullTableTestTests.xctest */;
			productType = "com.apple.product-type.bundle.unit-test";
		};
		333B5A701D2CA8DA006DC108 /* PullTableTestUITests */ = {
			isa = PBXNativeTarget;
			buildConfigurationList = 333B5A801D2CA8DA006DC108 /* Build configuration list for PBXNativeTarget "PullTableTestUITests" */;
			buildPhases = (
				333B5A6D1D2CA8DA006DC108 /* Sources */,
				333B5A6E1D2CA8DA006DC108 /* Frameworks */,
				333B5A6F1D2CA8DA006DC108 /* Resources */,
			);
			buildRules = (
			);
			dependencies = (
				333B5A731D2CA8DA006DC108 /* PBXTargetDependency */,
			);
			name = PullTableTestUITests;
			productName = PullTableTestUITests;
			productReference = 333B5A711D2CA8DA006DC108 /* PullTableTestUITests.xctest */;
			productType = "com.apple.product-type.bundle.ui-testing";
		};
/* End PBXNativeTarget section */

/* Begin PBXProject section */
		333B5A451D2CA8DA006DC108 /* Project object */ = {
			isa = PBXProject;
			attributes = {
				LastUpgradeCheck = 0730;
				ORGANIZATIONNAME = chenchen;
				TargetAttributes = {
					333B5A4C1D2CA8DA006DC108 = {
						CreatedOnToolsVersion = 7.3.1;
					};
					333B5A651D2CA8DA006DC108 = {
						CreatedOnToolsVersion = 7.3.1;
						TestTargetID = 333B5A4C1D2CA8DA006DC108;
					};
					333B5A701D2CA8DA006DC108 = {
						CreatedOnToolsVersion = 7.3.1;
						TestTargetID = 333B5A4C1D2CA8DA006DC108;
					};
				};
			};
			buildConfigurationList = 333B5A481D2CA8DA006DC108 /* Build configuration list for PBXProject "PullTableTest" */;
			compatibilityVersion = "Xcode 3.2";
			developmentRegion = English;
			hasScannedForEncodings = 0;
			knownRegions = (
				en,
				Base,
			);
			mainGroup = 333B5A441D2CA8DA006DC108;
			productRefGroup = 333B5A4E1D2CA8DA006DC108 /* Products */;
			projectDirPath = "";
			projectRoot = "";
			targets = (
				333B5A4C1D2CA8DA006DC108 /* PullTableTest */,
				333B5A651D2CA8DA006DC108 /* PullTableTestTests */,
				333B5A701D2CA8DA006DC108 /* PullTableTestUITests */,
			);
		};
/* End PBXProject section */

/* Begin PBXResourcesBuildPhase section */
		333B5A4B1D2CA8DA006DC108 /* Resources */ = {
			isa = PBXResourcesBuildPhase;
			buildActionMask = 2147483647;
			files = (
				333B5A601D2CA8DA006DC108 /* LaunchScreen.storyboard in Resources */,
				333B5A5D1D2CA8DA006DC108 /* Assets.xcassets in Resources */,
				333B5A8F1D2E02CD006DC108 /* tu.jpg in Resources */,
				333B5A5B1D2CA8DA006DC108 /* Main.storyboard in Resources */,
			);
			runOnlyForDeploymentPostprocessing = 0;
		};
		333B5A641D2CA8DA006DC108 /* Resources */ = {
			isa = PBXResourcesBuildPhase;
			buildActionMask = 2147483647;
			files = (
			);
			runOnlyForDeploymentPostprocessing = 0;
		};
		333B5A6F1D2CA8DA006DC108 /* Resources */ = {
			isa = PBXResourcesBuildPhase;
			buildActionMask = 2147483647;
			files = (
			);
			runOnlyForDeploymentPostprocessing = 0;
		};
/* End PBXResourcesBuildPhase section */

/* Begin PBXSourcesBuildPhase section */
		333B5A491D2CA8DA006DC108 /* Sources */ = {
			isa = PBXSourcesBuildPhase;
			buildActionMask = 2147483647;
			files = (
				333B5A851D2CB93F006DC108 /* UIScrollView+PullRefresh.m in Sources */,
				333B5A8B1D2CD6E1006DC108 /* UIView+PullToRefreshView.m in Sources */,
				333B5A881D2CB958006DC108 /* CircleView.m in Sources */,
				333B5A581D2CA8DA006DC108 /* ViewController.m in Sources */,
				333B5A551D2CA8DA006DC108 /* AppDelegate.m in Sources */,
				333B5A521D2CA8DA006DC108 /* main.m in Sources */,
			);
			runOnlyForDeploymentPostprocessing = 0;
		};
		333B5A621D2CA8DA006DC108 /* Sources */ = {
			isa = PBXSourcesBuildPhase;
			buildActionMask = 2147483647;
			files = (
				333B5A6B1D2CA8DA006DC108 /* PullTableTestTests.m in Sources */,
			);
			runOnlyForDeploymentPostprocessing = 0;
		};
		333B5A6D1D2CA8DA006DC108 /* Sources */ = {
			isa = PBXSourcesBuildPhase;
			buildActionMask = 2147483647;
			files = (
				333B5A761D2CA8DA006DC108 /* PullTableTestUITests.m in Sources */,
			);
			runOnlyForDeploymentPostprocessing = 0;
		};
/* End PBXSourcesBuildPhase section */

/* Begin PBXTargetDependency section */
		333B5A681D2CA8DA006DC108 /* PBXTargetDependency */ = {
			isa = PBXTargetDependency;
			target = 333B5A4C1D2CA8DA006DC108 /* PullTableTest */;
			targetProxy = 333B5A671D2CA8DA006DC108 /* PBXContainerItemProxy */;
		};
		333B5A731D2CA8DA006DC108 /* PBXTargetDependency */ = {
			isa = PBXTargetDependency;
			target = 333B5A4C1D2CA8DA006DC108 /* PullTableTest */;
			targetProxy = 333B5A721D2CA8DA006DC108 /* PBXContainerItemProxy */;
		};
/* End PBXTargetDependency section */

/* Begin PBXVariantGroup section */
		333B5A591D2CA8DA006DC108 /* Main.storyboard */ = {
			isa = PBXVariantGroup;
			children = (
				333B5A5A1D2CA8DA006DC108 /* Base */,
			);
			name = Main.storyboard;
			sourceTree = "<group>";
		};
		333B5A5E1D2CA8DA006DC108 /* LaunchScreen.storyboard */ = {
			isa = PBXVariantGroup;
			children = (
				333B5A5F1D2CA8DA006DC108 /* Base */,
			);
			name = LaunchScreen.storyboard;
			sourceTree = "<group>";
		};
/* End PBXVariantGroup section */

/* Begin XCBuildConfiguration section */
		333B5A781D2CA8DA006DC108 /* Debug */ = {
			isa = XCBuildConfiguration;
			buildSettings = {
				ALWAYS_SEARCH_USER_PATHS = NO;
				CLANG_ANALYZER_NONNULL = YES;
				CLANG_CXX_LANGUAGE_STANDARD = "gnu++0x";
				CLANG_CXX_LIBRARY = "libc++";
				CLANG_ENABLE_MODULES = YES;
				CLANG_ENABLE_OBJC_ARC = YES;
				CLANG_WARN_BOOL_CONVERSION = YES;
				CLANG_WARN_CONSTANT_CONVERSION = YES;
				CLANG_WARN_DIRECT_OBJC_ISA_USAGE = YES_ERROR;
				CLANG_WARN_EMPTY_BODY = YES;
				CLANG_WARN_ENUM_CONVERSION = YES;
				CLANG_WARN_INT_CONVERSION = YES;
				CLANG_WARN_OBJC_ROOT_CLASS = YES_ERROR;
				CLANG_WARN_UNREACHABLE_CODE = YES;
				CLANG_WARN__DUPLICATE_METHOD_MATCH = YES;
				"CODE_SIGN_IDENTITY[sdk=iphoneos*]" = "iPhone Developer";
				COPY_PHASE_STRIP = NO;
				DEBUG_INFORMATION_FORMAT = dwarf;
				ENABLE_STRICT_OBJC_MSGSEND = YES;
				ENABLE_TESTABILITY = YES;
				GCC_C_LANGUAGE_STANDARD = gnu99;
				GCC_DYNAMIC_NO_PIC = NO;
				GCC_NO_COMMON_BLOCKS = YES;
				GCC_OPTIMIZATION_LEVEL = 0;
				GCC_PREPROCESSOR_DEFINITIONS = (
					"DEBUG=1",
					"$(inherited)",
				);
				GCC_WARN_64_TO_32_BIT_CONVERSION = YES;
				GCC_WARN_ABOUT_RETURN_TYPE = YES_ERROR;
				GCC_WARN_UNDECLARED_SELECTOR = YES;
				GCC_WARN_UNINITIALIZED_AUTOS = YES_AGGRESSIVE;
				GCC_WARN_UNUSED_FUNCTION = YES;
				GCC_WARN_UNUSED_VARIABLE = YES;
				IPHONEOS_DEPLOYMENT_TARGET = 9.3;
				MTL_ENABLE_DEBUG_INFO = YES;
				ONLY_ACTIVE_ARCH = YES;
				SDKROOT = iphoneos;
				TARGETED_DEVICE_FAMILY = "1,2";
			};
			name = Debug;
		};
		333B5A791D2CA8DA006DC108 /* Release */ = {
			isa = XCBuildConfiguration;
			buildSettings = {
				ALWAYS_SEARCH_USER_PATHS = NO;
				CLANG_ANALYZER_NONNULL = YES;
				CLANG_CXX_LANGUAGE_STANDARD = "gnu++0x";
				CLANG_CXX_LIBRARY = "libc++";
				CLANG_ENABLE_MODULES = YES;
				CLANG_ENABLE_OBJC_ARC = YES;
				CLANG_WARN_BOOL_CONVERSION = YES;
				CLANG_WARN_CONSTANT_CONVERSION = YES;
				CLANG_WARN_DIRECT_OBJC_ISA_USAGE = YES_ERROR;
				CLANG_WARN_EMPTY_BODY = YES;
				CLANG_WARN_ENUM_CONVERSION = YES;
				CLANG_WARN_INT_CONVERSION = YES;
				CLANG_WARN_OBJC_ROOT_CLASS = YES_ERROR;
				CLANG_WARN_UNREACHABLE_CODE = YES;
				CLANG_WARN__DUPLICATE_METHOD_MATCH = YES;
				"CODE_SIGN_IDENTITY[sdk=iphoneos*]" = "iPhone Developer";
				COPY_PHASE_STRIP = NO;
				DEBUG_INFORMATION_FORMAT = "dwarf-with-dsym";
				ENABLE_NS_ASSERTIONS = NO;
				ENABLE_STRICT_OBJC_MSGSEND = YES;
				GCC_C_LANGUAGE_STANDARD = gnu99;
				GCC_NO_COMMON_BLOCKS = YES;
				GCC_WARN_64_TO_32_BIT_CONVERSION = YES;
				GCC_WARN_ABOUT_RETURN_TYPE = YES_ERROR;
				GCC_WARN_UNDECLARED_SELECTOR = YES;
				GCC_WARN_UNINITIALIZED_AUTOS = YES_AGGRESSIVE;
				GCC_WARN_UNUSED_FUNCTION = YES;
				GCC_WARN_UNUSED_VARIABLE = YES;
				IPHONEOS_DEPLOYMENT_TARGET = 9.3;
				MTL_ENABLE_DEBUG_INFO = NO;
				SDKROOT = iphoneos;
				TARGETED_DEVICE_FAMILY = "1,2";
				VALIDATE_PRODUCT = YES;
			};
			name = Release;
		};
		333B5A7B1D2CA8DA006DC108 /* Debug */ = {
			isa = XCBuildConfiguration;
			buildSettings = {
				ASSETCATALOG_COMPILER_APPICON_NAME = AppIcon;
				INFOPLIST_FILE = PullTableTest/Info.plist;
				LD_RUNPATH_SEARCH_PATHS = "$(inherited) @executable_path/Frameworks";
				PRODUCT_BUNDLE_IDENTIFIER = cc.PullTableTest;
				PRODUCT_NAME = "$(TARGET_NAME)";
			};
			name = Debug;
		};
		333B5A7C1D2CA8DA006DC108 /* Release */ = {
			isa = XCBuildConfiguration;
			buildSettings = {
				ASSETCATALOG_COMPILER_APPICON_NAME = AppIcon;
				INFOPLIST_FILE = PullTableTest/Info.plist;
				LD_RUNPATH_SEARCH_PATHS = "$(inherited) @executable_path/Frameworks";
				PRODUCT_BUNDLE_IDENTIFIER = cc.PullTableTest;
				PRODUCT_NAME = "$(TARGET_NAME)";
			};
			name = Release;
		};
		333B5A7E1D2CA8DA006DC108 /* Debug */ = {
			isa = XCBuildConfiguration;
			buildSettings = {
				BUNDLE_LOADER = "$(TEST_HOST)";
				INFOPLIST_FILE = PullTableTestTests/Info.plist;
				LD_RUNPATH_SEARCH_PATHS = "$(inherited) @executable_path/Frameworks @loader_path/Frameworks";
				PRODUCT_BUNDLE_IDENTIFIER = cc.PullTableTestTests;
				PRODUCT_NAME = "$(TARGET_NAME)";
				TEST_HOST = "$(BUILT_PRODUCTS_DIR)/PullTableTest.app/PullTableTest";
			};
			name = Debug;
		};
		333B5A7F1D2CA8DA006DC108 /* Release */ = {
			isa = XCBuildConfiguration;
			buildSettings = {
				BUNDLE_LOADER = "$(TEST_HOST)";
				INFOPLIST_FILE = PullTableTestTests/Info.plist;
				LD_RUNPATH_SEARCH_PATHS = "$(inherited) @executable_path/Frameworks @loader_path/Frameworks";
				PRODUCT_BUNDLE_IDENTIFIER = cc.PullTableTestTests;
				PRODUCT_NAME = "$(TARGET_NAME)";
				TEST_HOST = "$(BUILT_PRODUCTS_DIR)/PullTableTest.app/PullTableTest";
			};
			name = Release;
		};
		333B5A811D2CA8DA006DC108 /* Debug */ = {
			isa = XCBuildConfiguration;
			buildSettings = {
				INFOPLIST_FILE = PullTableTestUITests/Info.plist;
				LD_RUNPATH_SEARCH_PATHS = "$(inherited) @executable_path/Frameworks @loader_path/Frameworks";
				PRODUCT_BUNDLE_IDENTIFIER = cc.PullTableTestUITests;
				PRODUCT_NAME = "$(TARGET_NAME)";
				TEST_TARGET_NAME = PullTableTest;
			};
			name = Debug;
		};
		333B5A821D2CA8DA006DC108 /* Release */ = {
			isa = XCBuildConfiguration;
			buildSettings = {
				INFOPLIST_FILE = PullTableTestUITests/Info.plist;
				LD_RUNPATH_SEARCH_PATHS = "$(inherited) @executable_path/Frameworks @loader_path/Frameworks";
				PRODUCT_BUNDLE_IDENTIFIER = cc.PullTableTestUITests;
				PRODUCT_NAME = "$(TARGET_NAME)";
				TEST_TARGET_NAME = PullTableTest;
			};
			name = Release;
		};
/* End XCBuildConfiguration section */

/* Begin XCConfigurationList section */
		333B5A481D2CA8DA006DC108 /* Build configuration list for PBXProject "PullTableTest" */ = {
			isa = XCConfigurationList;
			buildConfigurations = (
				333B5A781D2CA8DA006DC108 /* Debug */,
				333B5A791D2CA8DA006DC108 /* Release */,
			);
			defaultConfigurationIsVisible = 0;
			defaultConfigurationName = Release;
		};
		333B5A7A1D2CA8DA006DC108 /* Build configuration list for PBXNativeTarget "PullTableTest" */ = {
			isa = XCConfigurationList;
			buildConfigurations = (
				333B5A7B1D2CA8DA006DC108 /* Debug */,
				333B5A7C1D2CA8DA006DC108 /* Release */,
			);
			defaultConfigurationIsVisible = 0;
		};
		333B5A7D1D2CA8DA006DC108 /* Build configuration list for PBXNativeTarget "PullTableTestTests" */ = {
			isa = XCConfigurationList;
			buildConfigurations = (
				333B5A7E1D2CA8DA006DC108 /* Debug */,
				333B5A7F1D2CA8DA006DC108 /* Release */,
			);
			defaultConfigurationIsVisible = 0;
		};
		333B5A801D2CA8DA006DC108 /* Build configuration list for PBXNativeTarget "PullTableTestUITests" */ = {
			isa = XCConfigurationList;
			buildConfigurations = (
				333B5A811D2CA8DA006DC108 /* Debug */,
				333B5A821D2CA8DA006DC108 /* Release */,
			);
			defaultConfigurationIsVisible = 0;
		};
/* End XCConfigurationList section */
	};
	rootObject = 333B5A451D2CA8DA006DC108 /* Project object */;
}
